
Microsoft Visual Studio Solution File, Format Version 12.00
# Visual Studio Version 16
VisualStudioVersion = 16.0.30907.101
MinimumVisualStudioVersion = 10.0.40219.1
Project("{FAE04EC0-301F-11D3-BF4B-00C04F79EFBC}") = "LightCasting", "LightCasting\LightCasting.csproj", "{230CF66A-351F-4B91-847C-2497999905BF}"
EndProject
Global
	GlobalSection(SolutionConfigurationPlatforms) = preSolution
		Debug|Any CPU = Debug|Any CPU
		Release|Any CPU = Release|Any CPU
	EndGlobalSection
	GlobalSection(ProjectConfigurationPlatforms) = postSolution
		{230CF66A-351F-4B91-847C-2497999905BF}.Debug|Any CPU.ActiveCfg = Debug|Any CPU
		{230CF66A-351F-4B91-847C-2497999905BF}.Debug|Any CPU.Build.0 = Debug|Any CPU
		{230CF66A-351F-4B91-847C-2497999905BF}.Release|Any CPU.ActiveCfg = Release|Any CPU
		{230CF66A-351F-4B91-847C-2497999905BF}.Release|Any CPU.Build.0 = Release|Any CPU
	EndGlobalSection
	GlobalSection(SolutionProperties) = preSolution
		HideSolutionNode = FALSE
	EndGlobalSection
	GlobalSection(ExtensibilityGlobals) = postSolution
		SolutionGuid = {97B7EE54-A359-4BFB-A5DB-EF9DA85D4F51}
	EndGlobalSection
EndGlobal
